
Microsoft Visual Studio Solution File, Format Version 12.00
# Visual Studio Version 16
VisualStudioVersion = 16.0.30709.132
MinimumVisualStudioVersion = 10.0.40219.1
Project("{8BC9CEB8-8B4A-11D0-8D11-00A0C91BC942}") = "MarchingCubes", "MarchingCubes\MarchingCubes.vcxproj", "{5CD40B57-71AC-4B76-A3B5-62490D3196DE}"
EndProject
Project("{8BC9CEB8-8B4A-11D0-8D11-00A0C91BC942}") = "DataGen", "DataGen\DataGen.vcxproj", "{027C41F5-4BCC-42AC-BB66-B1F87806AC40}"
EndProject
Global
	GlobalSection(SolutionConfigurationPlatforms) = preSolution
		Debug|x64 = Debug|x64
		Debug|x86 = Debug|x86
		Release|x64 = Release|x64
		Release|x86 = Release|x86
	EndGlobalSection
	GlobalSection(ProjectConfigurationPlatforms) = postSolution
		{5CD40B57-71AC-4B76-A3B5-62490D3196DE}.Debug|x64.ActiveCfg = Debug|x64
		{5CD40B57-71AC-4B76-A3B5-62490D3196DE}.Debug|x64.Build.0 = Debug|x64
		{5CD40B57-71AC-4B76-A3B5-62490D3196DE}.Debug|x86.ActiveCfg = Debug|Win32
		{5CD40B57-71AC-4B76-A3B5-62490D3196DE}.Debug|x86.Build.0 = Debug|Win32
		{5CD40B57-71AC-4B76-A3B5-62490D3196DE}.Release|x64.ActiveCfg = Release|x64
		{5CD40B57-71AC-4B76-A3B5-62490D3196DE}.Release|x64.Build.0 = Release|x64
		{5CD40B57-71AC-4B76-A3B5-62490D3196DE}.Release|x86.ActiveCfg = Release|Win32
		{5CD40B57-71AC-4B76-A3B5-62490D3196DE}.Release|x86.Build.0 = Release|Win32
		{027C41F5-4BCC-42AC-BB66-B1F87806AC40}.Debug|x64.ActiveCfg = Debug|x64
		{027C41F5-4BCC-42AC-BB66-B1F87806AC40}.Debug|x64.Build.0 = Debug|x64
		{027C41F5-4BCC-42AC-BB66-B1F87806AC40}.Debug|x86.ActiveCfg = Debug|Win32
		{027C41F5-4BCC-42AC-BB66-B1F87806AC40}.Debug|x86.Build.0 = Debug|Win32
		{027C41F5-4BCC-42AC-BB66-B1F87806AC40}.Release|x64.ActiveCfg = Release|x64
		{027C41F5-4BCC-42AC-BB66-B1F87806AC40}.Release|x64.Build.0 = Release|x64
		{027C41F5-4BCC-42AC-BB66-B1F87806AC40}.Release|x86.ActiveCfg = Release|Win32
		{027C41F5-4BCC-42AC-BB66-B1F87806AC40}.Release|x86.Build.0 = Release|Win32
	EndGlobalSection
	GlobalSection(SolutionProperties) = preSolution
		HideSolutionNode = FALSE
	EndGlobalSection
	GlobalSection(ExtensibilityGlobals) = postSolution
		SolutionGuid = {3686E5C3-3428-4F87-A3B2-5725C50A92E5}
	EndGlobalSection
EndGlobal
